
Microsoft Visual Studio Solution File, Format Version 12.00
# Visual Studio Version 17
VisualStudioVersion = 17.7.34031.279
MinimumVisualStudioVersion = 10.0.40219.1
Project("{FAE04EC0-301F-11D3-BF4B-00C04F79EFBC}") = "AmpMemberData.Api", "AmpMemberData.Api.csproj", "{C2931C40-E807-49C0-B4D4-9FE44DFB0583}"
EndProject
Project("{FAE04EC0-301F-11D3-BF4B-00C04F79EFBC}") = "AmpMemberData.Data", "..\AmpMemberData.Data\AmpMemberData.Data.csproj", "{65B77108-5F22-44AC-91F5-360D66A126EE}"
EndProject
Global
	GlobalSection(SolutionConfigurationPlatforms) = preSolution
		Debug|Any CPU = Debug|Any CPU
		Release|Any CPU = Release|Any CPU
	EndGlobalSection
	GlobalSection(ProjectConfigurationPlatforms) = postSolution
		{C2931C40-E807-49C0-B4D4-9FE44DFB0583}.Debug|Any CPU.ActiveCfg = Debug|Any CPU
		{C2931C40-E807-49C0-B4D4-9FE44DFB0583}.Debug|Any CPU.Build.0 = Debug|Any CPU
		{C2931C40-E807-49C0-B4D4-9FE44DFB0583}.Release|Any CPU.ActiveCfg = Release|Any CPU
		{C2931C40-E807-49C0-B4D4-9FE44DFB0583}.Release|Any CPU.Build.0 = Release|Any CPU
		{65B77108-5F22-44AC-91F5-360D66A126EE}.Debug|Any CPU.ActiveCfg = Debug|Any CPU
		{65B77108-5F22-44AC-91F5-360D66A126EE}.Debug|Any CPU.Build.0 = Debug|Any CPU
		{65B77108-5F22-44AC-91F5-360D66A126EE}.Release|Any CPU.ActiveCfg = Release|Any CPU
		{65B77108-5F22-44AC-91F5-360D66A126EE}.Release|Any CPU.Build.0 = Release|Any CPU
	EndGlobalSection
	GlobalSection(SolutionProperties) = preSolution
		HideSolutionNode = FALSE
	EndGlobalSection
	GlobalSection(ExtensibilityGlobals) = postSolution
		SolutionGuid = {1F1657C0-72A1-4935-B6DD-FD12AEBC564D}
	EndGlobalSection
EndGlobal
